PODS:
  - Capacitor (3.0.2):
    - CapacitorCordova
  - CapacitorApp (1.0.2):
    - Capacitor
  - CapacitorCommunityContacts (1.0.6):
    - Capacitor
  - CapacitorCommunityHttp (1.0.0):
    - Capacitor
  - CapacitorCordova (3.0.2)
  - CapacitorHaptics (1.0.2):
    - Capacitor
  - CapacitorKeyboard (1.0.2):
    - Capacitor
  - CapacitorPushNotifications (1.0.2):
    - Capacitor
  - CapacitorSplashScreen (1.0.2):
    - Capacitor
  - CapacitorStatusBar (1.0.2):
    - Capacitor
  - CapacitorStorage (1.0.2):
    - Capacitor
  - CapacitorToast (1.0.2):
    - Capacitor
  - CordovaPluginsStatic (3.0.2):
    - CapacitorCordova
    - XCDYouTubeKit (~> 2.7)
  - Firebase/CoreOnly (8.1.1):
    - FirebaseCore (= 8.1.0)
  - Firebase/Messaging (8.1.1):
    - Firebase/CoreOnly
    - FirebaseMessaging (~> 8.1.0)
  - FirebaseCore (8.1.0):
    - FirebaseCoreDiagnostics (~> 8.0)
    - GoogleUtilities/Environment (~> 7.4)
    - GoogleUtilities/Logger (~> 7.4)
  - FirebaseCoreDiagnostics (8.1.0):
    - GoogleDataTransport (~> 9.0)
    - GoogleUtilities/Environment (~> 7.4)
    - GoogleUtilities/Logger (~> 7.4)
    - nanopb (~> 2.30908.0)
  - FirebaseInstallations (8.1.0):
    - FirebaseCore (~> 8.0)
    - GoogleUtilities/Environment (~> 7.4)
    - GoogleUtilities/UserDefaults (~> 7.4)
    - PromisesObjC (~> 1.2)
  - FirebaseMessaging (8.1.0):
    - FirebaseCore (~> 8.0)
    - FirebaseInstallations (~> 8.0)
    - GoogleUtilities/AppDelegateSwizzler (~> 7.4)
    - GoogleUtilities/Environment (~> 7.4)
    - GoogleUtilities/Reachability (~> 7.4)
    - GoogleUtilities/UserDefaults (~> 7.4)
  - GoogleDataTransport (9.0.1):
    - GoogleUtilities/Environment (~> 7.2)
    - nanopb (~> 2.30908.0)
    - PromisesObjC (~> 1.2)
  - GoogleUtilities/AppDelegateSwizzler (7.4.1):
    - GoogleUtilities/Environment
    - GoogleUtilities/Logger
    - GoogleUtilities/Network
  - GoogleUtilities/Environment (7.4.1):
    - PromisesObjC (~> 1.2)
  - GoogleUtilities/Logger (7.4.1):
    - GoogleUtilities/Environment
  - GoogleUtilities/Network (7.4.1):
    - GoogleUtilities/Logger
    - "GoogleUtilities/NSData+zlib"
    - GoogleUtilities/Reachability
  - "GoogleUtilities/NSData+zlib (7.4.1)"
  - GoogleUtilities/Reachability (7.4.1):
    - GoogleUtilities/Logger
  - GoogleUtilities/UserDefaults (7.4.1):
    - GoogleUtilities/Logger
  - nanopb (2.30908.0):
    - nanopb/decode (= 2.30908.0)
    - nanopb/encode (= 2.30908.0)
  - nanopb/decode (2.30908.0)
  - nanopb/encode (2.30908.0)
  - PromisesObjC (1.2.12)
  - XCDYouTubeKit (2.15.2)

DEPENDENCIES:
  - "Capacitor (from `../../node_modules/@capacitor/ios`)"
  - "CapacitorApp (from `../../node_modules/@capacitor/app`)"
  - "CapacitorCommunityContacts (from `../../node_modules/@capacitor-community/contacts`)"
  - "CapacitorCommunityHttp (from `../../node_modules/@capacitor-community/http`)"
  - "CapacitorCordova (from `../../node_modules/@capacitor/ios`)"
  - "CapacitorHaptics (from `../../node_modules/@capacitor/haptics`)"
  - "CapacitorKeyboard (from `../../node_modules/@capacitor/keyboard`)"
  - "CapacitorPushNotifications (from `../../node_modules/@capacitor/push-notifications`)"
  - "CapacitorSplashScreen (from `../../node_modules/@capacitor/splash-screen`)"
  - "CapacitorStatusBar (from `../../node_modules/@capacitor/status-bar`)"
  - "CapacitorStorage (from `../../node_modules/@capacitor/storage`)"
  - "CapacitorToast (from `../../node_modules/@capacitor/toast`)"
  - CordovaPluginsStatic (from `../capacitor-cordova-ios-plugins`)
  - Firebase/Messaging

SPEC REPOS:
  trunk:
    - Firebase
    - FirebaseCore
    - FirebaseCoreDiagnostics
    - FirebaseInstallations
    - FirebaseMessaging
    - GoogleDataTransport
    - GoogleUtilities
    - nanopb
    - PromisesObjC
    - XCDYouTubeKit

EXTERNAL SOURCES:
  Capacitor:
    :path: "../../node_modules/@capacitor/ios"
  CapacitorApp:
    :path: "../../node_modules/@capacitor/app"
  CapacitorCommunityContacts:
    :path: "../../node_modules/@capacitor-community/contacts"
  CapacitorCommunityHttp:
    :path: "../../node_modules/@capacitor-community/http"
  CapacitorCordova:
    :path: "../../node_modules/@capacitor/ios"
  CapacitorHaptics:
    :path: "../../node_modules/@capacitor/haptics"
  CapacitorKeyboard:
    :path: "../../node_modules/@capacitor/keyboard"
  CapacitorPushNotifications:
    :path: "../../node_modules/@capacitor/push-notifications"
  CapacitorSplashScreen:
    :path: "../../node_modules/@capacitor/splash-screen"
  CapacitorStatusBar:
    :path: "../../node_modules/@capacitor/status-bar"
  CapacitorStorage:
    :path: "../../node_modules/@capacitor/storage"
  CapacitorToast:
    :path: "../../node_modules/@capacitor/toast"
  CordovaPluginsStatic:
    :path: "../capacitor-cordova-ios-plugins"

SPEC CHECKSUMS:
  Capacitor: df6bc94955ecbe567904f1f2fe09c237f66d0de9
  CapacitorApp: 5304b36f52350ceede0d0c3355def71d9516e704
  CapacitorCommunityContacts: 807aa69417645d40ef12532c0552310aa58f9b25
  CapacitorCommunityHttp: cd9de30bdbe6341a89bfb41d762d9ba2df71e4b4
  CapacitorCordova: e2f9a64e0b1a47b6efed76aecbd042c40b477ee3
  CapacitorHaptics: 9a5091caae4738300d3288cc32f0d34af273f040
  CapacitorKeyboard: ac97fcb309a69ec4233c3e44bcc19ffb4c707dda
  CapacitorPushNotifications: 66553c38f4e5040caa5b50574dc425f3ef2e3dce
  CapacitorSplashScreen: 133e0e456a7218131db44447a38da304d5f61282
  CapacitorStatusBar: 3b510c79fbefb2dce24002d8473dca80abbceb44
  CapacitorStorage: d088d31c7a2a256da7f1bf0722b64542dcbaf66a
  CapacitorToast: 75dac13118c96095500a3026438cfd2cc04c989b
  CordovaPluginsStatic: f83e19436a34b74f2972f60937e14ab92553f986
  Firebase: 4bb49ae87756034cef870fa3c4006235eb46f475
  FirebaseCore: 389c4ce9a7cce4a7e25eb22326b4bee0050557b2
  FirebaseCoreDiagnostics: 3e249cee3de5c5f9cfd6cc2a19997231286fec11
  FirebaseInstallations: 7f31798a8198c354eadcb87176d2090b62edc187
  FirebaseMessaging: c8871b0907dcf4e76de81241eb6a62be6d657d2f
  GoogleDataTransport: 04c3e9a480bbcaa2ec3f5d27f1cdeb6a92f20c8d
  GoogleUtilities: f8a43108b38a68eebe8b3540e1f4f2d28843ce20
  nanopb: a0ba3315591a9ae0a16a309ee504766e90db0c96
  PromisesObjC: 3113f7f76903778cf4a0586bd1ab89329a0b7b97
  XCDYouTubeKit: b120aced3d8638ffb570c5450cddb5a1dac448c7

PODFILE CHECKSUM: bfab0a9f7c7d11daf318602abfc82458cb5e7c62

COCOAPODS: 1.10.1
